
Microsoft Visual Studio Solution File, Format Version 12.00
# Visual Studio 15
VisualStudioVersion = 15.0.26124.0
MinimumVisualStudioVersion = 15.0.26124.0
Project("{FAE04EC0-301F-11D3-BF4B-00C04F79EFBC}") = "Jsbeautifier", "Jsbeautifier\Jsbeautifier.csproj", "{97536866-78FC-4786-8640-7B88B3ADDC7F}"
EndProject
Project("{FAE04EC0-301F-11D3-BF4B-00C04F79EFBC}") = "Jsbeautifier.Tests", "Jsbeautifier.Tests\Jsbeautifier.Tests.csproj", "{B4C8BFEB-C57A-4114-8587-E2919A0CDF0A}"
EndProject
Global
	GlobalSection(SolutionConfigurationPlatforms) = preSolution
		Debug|Any CPU = Debug|Any CPU
		Debug|x64 = Debug|x64
		Debug|x86 = Debug|x86
		Release|Any CPU = Release|Any CPU
		Release|x64 = Release|x64
		Release|x86 = Release|x86
	EndGlobalSection
	GlobalSection(SolutionProperties) = preSolution
		HideSolutionNode = FALSE
	EndGlobalSection
	GlobalSection(ProjectConfigurationPlatforms) = postSolution
		{97536866-78FC-4786-8640-7B88B3ADDC7F}.Debug|Any CPU.ActiveCfg = Debug|Any CPU
		{97536866-78FC-4786-8640-7B88B3ADDC7F}.Debug|Any CPU.Build.0 = Debug|Any CPU
		{97536866-78FC-4786-8640-7B88B3ADDC7F}.Debug|x64.ActiveCfg = Debug|Any CPU
		{97536866-78FC-4786-8640-7B88B3ADDC7F}.Debug|x64.Build.0 = Debug|Any CPU
		{97536866-78FC-4786-8640-7B88B3ADDC7F}.Debug|x86.ActiveCfg = Debug|Any CPU
		{97536866-78FC-4786-8640-7B88B3ADDC7F}.Debug|x86.Build.0 = Debug|Any CPU
		{97536866-78FC-4786-8640-7B88B3ADDC7F}.Release|Any CPU.ActiveCfg = Release|Any CPU
		{97536866-78FC-4786-8640-7B88B3ADDC7F}.Release|Any CPU.Build.0 = Release|Any CPU
		{97536866-78FC-4786-8640-7B88B3ADDC7F}.Release|x64.ActiveCfg = Release|Any CPU
		{97536866-78FC-4786-8640-7B88B3ADDC7F}.Release|x64.Build.0 = Release|Any CPU
		{97536866-78FC-4786-8640-7B88B3ADDC7F}.Release|x86.ActiveCfg = Release|Any CPU
		{97536866-78FC-4786-8640-7B88B3ADDC7F}.Release|x86.Build.0 = Release|Any CPU
		{B4C8BFEB-C57A-4114-8587-E2919A0CDF0A}.Debug|Any CPU.ActiveCfg = Debug|Any CPU
		{B4C8BFEB-C57A-4114-8587-E2919A0CDF0A}.Debug|Any CPU.Build.0 = Debug|Any CPU
		{B4C8BFEB-C57A-4114-8587-E2919A0CDF0A}.Debug|x64.ActiveCfg = Debug|Any CPU
		{B4C8BFEB-C57A-4114-8587-E2919A0CDF0A}.Debug|x64.Build.0 = Debug|Any CPU
		{B4C8BFEB-C57A-4114-8587-E2919A0CDF0A}.Debug|x86.ActiveCfg = Debug|Any CPU
		{B4C8BFEB-C57A-4114-8587-E2919A0CDF0A}.Debug|x86.Build.0 = Debug|Any CPU
		{B4C8BFEB-C57A-4114-8587-E2919A0CDF0A}.Release|Any CPU.ActiveCfg = Release|Any CPU
		{B4C8BFEB-C57A-4114-8587-E2919A0CDF0A}.Release|Any CPU.Build.0 = Release|Any CPU
		{B4C8BFEB-C57A-4114-8587-E2919A0CDF0A}.Release|x64.ActiveCfg = Release|Any CPU
		{B4C8BFEB-C57A-4114-8587-E2919A0CDF0A}.Release|x64.Build.0 = Release|Any CPU
		{B4C8BFEB-C57A-4114-8587-E2919A0CDF0A}.Release|x86.ActiveCfg = Release|Any CPU
		{B4C8BFEB-C57A-4114-8587-E2919A0CDF0A}.Release|x86.Build.0 = Release|Any CPU
	EndGlobalSection
EndGlobal
